// !$*UTF8*$!
{
	archiveVersion = 1;
	classes = {
	};
	objectVersion = 77;
	objects = {

/* Begin PBXBuildFile section */
		5E07A4642E35037200B0EE46 /* PredictMenuViewModel.swift in Sources */ = {isa = PBXBuildFile; fileRef = 5E07A4632E35037200B0EE46 /* PredictMenuViewModel.swift */; };
		5E07A4662E35175900B0EE46 /* Color.swift in Sources */ = {isa = PBXBuildFile; fileRef = 5E07A4652E35175700B0EE46 /* Color.swift */; };
		5E07A46A2E351BCC00B0EE46 /* HistoryView.swift in Sources */ = {isa = PBXBuildFile; fileRef = 5E07A4692E351BC700B0EE46 /* HistoryView.swift */; };
		5E07A46C2E3526F600B0EE46 /* ActivityIndicator.swift in Sources */ = {isa = PBXBuildFile; fileRef = 5E07A46B2E3526F000B0EE46 /* ActivityIndicator.swift */; };
		5E41E4C92E34D2CA0074C8A5 /* BottomSheetView.swift in Sources */ = {isa = PBXBuildFile; fileRef = 5E6C79E82E33C57500DCB086 /* BottomSheetView.swift */; };
		5E6C79E22E33AC0600DCB086 /* MainListView.swift in Sources */ = {isa = PBXBuildFile; fileRef = 5E6C79E12E33AB4900DCB086 /* MainListView.swift */; };
		5E6C79E42E33BD0B00DCB086 /* Menu.swift in Sources */ = {isa = PBXBuildFile; fileRef = 5E6C79E32E33BD0700DCB086 /* Menu.swift */; };
		5E6C79E72E33BE8B00DCB086 /* MenuRowView.swift in Sources */ = {isa = PBXBuildFile; fileRef = 5E6C79E62E33BE8700DCB086 /* MenuRowView.swift */; };
		5E6C79EB2E33C5B100DCB086 /* MainListViewModel.swift in Sources */ = {isa = PBXBuildFile; fileRef = 5E6C79EA2E33C5B100DCB086 /* MainListViewModel.swift */; };
		5E95F6B72E34C05200439953 /* View+Modifiers.swift in Sources */ = {isa = PBXBuildFile; fileRef = 5E95F6B62E34C05200439953 /* View+Modifiers.swift */; };
		5E95F6B82E34C05200439953 /* UIView+Extension.swift in Sources */ = {isa = PBXBuildFile; fileRef = 5E95F6B52E34C05200439953 /* UIView+Extension.swift */; };
		5E95F6B92E34C05200439953 /* AlwaysPopoverModifier.swift in Sources */ = {isa = PBXBuildFile; fileRef = 5E95F6B32E34C05200439953 /* AlwaysPopoverModifier.swift */; };
		5E95F6BA2E34C05200439953 /* ContentViewController.swift in Sources */ = {isa = PBXBuildFile; fileRef = 5E95F6B42E34C05200439953 /* ContentViewController.swift */; };
		5EE52A342E35AE6500C013AC /* Popovers in Frameworks */ = {isa = PBXBuildFile; productRef = 5EE52A332E35AE6500C013AC /* Popovers */; };
		5EE52A3A2E361D4700C013AC /* WaterfallGrid in Frameworks */ = {isa = PBXBuildFile; productRef = 5EE52A392E361D4700C013AC /* WaterfallGrid */; };
		5EE783E32E3463F8005621FF /* Float.swift in Sources */ = {isa = PBXBuildFile; fileRef = 5EE783E22E3463F5005621FF /* Float.swift */; };
		5EE783E82E349B2B005621FF /* PredictMenuView.swift in Sources */ = {isa = PBXBuildFile; fileRef = 5EE783E72E349B1F005621FF /* PredictMenuView.swift */; };
		5EE783F52E34AA1E005621FF /* FlowLayout.swift in Sources */ = {isa = PBXBuildFile; fileRef = 5EE783F42E34AA1C005621FF /* FlowLayout.swift */; };
/* End PBXBuildFile section */

/* Begin PBXFileReference section */
		5E07A4632E35037200B0EE46 /* PredictMenuViewModel.swift */ = {isa = PBXFileReference; lastKnownFileType = sourcecode.swift; path = PredictMenuViewModel.swift; sourceTree = "<group>"; };
		5E07A4652E35175700B0EE46 /* Color.swift */ = {isa = PBXFileReference; lastKnownFileType = sourcecode.swift; path = Color.swift; sourceTree = "<group>"; };
		5E07A4692E351BC700B0EE46 /* HistoryView.swift */ = {isa = PBXFileReference; lastKnownFileType = sourcecode.swift; path = HistoryView.swift; sourceTree = "<group>"; };
		5E07A46B2E3526F000B0EE46 /* ActivityIndicator.swift */ = {isa = PBXFileReference; lastKnownFileType = sourcecode.swift; path = ActivityIndicator.swift; sourceTree = "<group>"; };
		5E6C79E12E33AB4900DCB086 /* MainListView.swift */ = {isa = PBXFileReference; lastKnownFileType = sourcecode.swift; path = MainListView.swift; sourceTree = "<group>"; };
		5E6C79E32E33BD0700DCB086 /* Menu.swift */ = {isa = PBXFileReference; lastKnownFileType = sourcecode.swift; path = Menu.swift; sourceTree = "<group>"; };
		5E6C79E62E33BE8700DCB086 /* MenuRowView.swift */ = {isa = PBXFileReference; lastKnownFileType = sourcecode.swift; path = MenuRowView.swift; sourceTree = "<group>"; };
		5E6C79E82E33C57500DCB086 /* BottomSheetView.swift */ = {isa = PBXFileReference; lastKnownFileType = sourcecode.swift; path = BottomSheetView.swift; sourceTree = "<group>"; };
		5E6C79EA2E33C5B100DCB086 /* MainListViewModel.swift */ = {isa = PBXFileReference; lastKnownFileType = sourcecode.swift; path = MainListViewModel.swift; sourceTree = "<group>"; };
		5E95F6B32E34C05200439953 /* AlwaysPopoverModifier.swift */ = {isa = PBXFileReference; lastKnownFileType = sourcecode.swift; path = AlwaysPopoverModifier.swift; sourceTree = "<group>"; };
		5E95F6B42E34C05200439953 /* ContentViewController.swift */ = {isa = PBXFileReference; lastKnownFileType = sourcecode.swift; path = ContentViewController.swift; sourceTree = "<group>"; };
		5E95F6B52E34C05200439953 /* UIView+Extension.swift */ = {isa = PBXFileReference; lastKnownFileType = sourcecode.swift; path = "UIView+Extension.swift"; sourceTree = "<group>"; };
		5E95F6B62E34C05200439953 /* View+Modifiers.swift */ = {isa = PBXFileReference; lastKnownFileType = sourcecode.swift; path = "View+Modifiers.swift"; sourceTree = "<group>"; };
		5ED44E5C2E1D54570068BA8E /* HealthMealAI.app */ = {isa = PBXFileReference; explicitFileType = wrapper.application; includeInIndex = 0; path = HealthMealAI.app; sourceTree = BUILT_PRODUCTS_DIR; };
		5EE783E22E3463F5005621FF /* Float.swift */ = {isa = PBXFileReference; lastKnownFileType = sourcecode.swift; path = Float.swift; sourceTree = "<group>"; };
		5EE783E72E349B1F005621FF /* PredictMenuView.swift */ = {isa = PBXFileReference; lastKnownFileType = sourcecode.swift; path = PredictMenuView.swift; sourceTree = "<group>"; };
		5EE783F42E34AA1C005621FF /* FlowLayout.swift */ = {isa = PBXFileReference; lastKnownFileType = sourcecode.swift; path = FlowLayout.swift; sourceTree = "<group>"; };
/* End PBXFileReference section */

/* Begin PBXFileSystemSynchronizedRootGroup section */
		5ED44E5E2E1D54570068BA8E /* HealthMealAI */ = {
			isa = PBXFileSystemSynchronizedRootGroup;
			path = HealthMealAI;
			sourceTree = "<group>";
		};
/* End PBXFileSystemSynchronizedRootGroup section */

/* Begin PBXFrameworksBuildPhase section */
		5ED44E592E1D54570068BA8E /* Frameworks */ = {
			isa = PBXFrameworksBuildPhase;
			buildActionMask = 2147483647;
			files = (
				5EE52A342E35AE6500C013AC /* Popovers in Frameworks */,
				5EE52A3A2E361D4700C013AC /* WaterfallGrid in Frameworks */,
			);
			runOnlyForDeploymentPostprocessing = 0;
		};
/* End PBXFrameworksBuildPhase section */

/* Begin PBXGroup section */
		5E07A4672E351BA900B0EE46 /* PredictMenu */ = {
			isa = PBXGroup;
			children = (
				5EE783E72E349B1F005621FF /* PredictMenuView.swift */,
			);
			path = PredictMenu;
			sourceTree = "<group>";
		};
		5E07A4682E351BBE00B0EE46 /* History */ = {
			isa = PBXGroup;
			children = (
				5E07A4692E351BC700B0EE46 /* HistoryView.swift */,
			);
			path = History;
			sourceTree = "<group>";
		};
		5E6C79E52E33BE7E00DCB086 /* MainList */ = {
			isa = PBXGroup;
			children = (
				5E6C79E12E33AB4900DCB086 /* MainListView.swift */,
				5E6C79E82E33C57500DCB086 /* BottomSheetView.swift */,
				5E6C79E62E33BE8700DCB086 /* MenuRowView.swift */,
			);
			path = MainList;
			sourceTree = "<group>";
		};
		5E95F6B22E34C04200439953 /* popover */ = {
			isa = PBXGroup;
			children = (
				5E95F6B32E34C05200439953 /* AlwaysPopoverModifier.swift */,
				5E95F6B42E34C05200439953 /* ContentViewController.swift */,
				5E95F6B52E34C05200439953 /* UIView+Extension.swift */,
				5E95F6B62E34C05200439953 /* View+Modifiers.swift */,
			);
			path = popover;
			sourceTree = "<group>";
		};
		5ED44E532E1D54570068BA8E = {
			isa = PBXGroup;
			children = (
				5ED44E6B2E1D565A0068BA8E /* App */,
				5ED44E5E2E1D54570068BA8E /* HealthMealAI */,
				5ED44E5D2E1D54570068BA8E /* Products */,
			);
			sourceTree = "<group>";
		};
		5ED44E5D2E1D54570068BA8E /* Products */ = {
			isa = PBXGroup;
			children = (
				5ED44E5C2E1D54570068BA8E /* HealthMealAI.app */,
			);
			name = Products;
			sourceTree = "<group>";
		};
		5ED44E6B2E1D565A0068BA8E /* App */ = {
			isa = PBXGroup;
			children = (
				5EE783E12E3463E7005621FF /* Extension */,
				5ED44E6E2E1D568E0068BA8E /* ViewModels */,
				5ED44E6D2E1D56810068BA8E /* Models */,
				5ED44E6C2E1D565F0068BA8E /* Views */,
			);
			path = App;
			sourceTree = "<group>";
		};
		5ED44E6C2E1D565F0068BA8E /* Views */ = {
			isa = PBXGroup;
			children = (
				5E07A4682E351BBE00B0EE46 /* History */,
				5EE783EF2E34A71E005621FF /* Common */,
				5E6C79E52E33BE7E00DCB086 /* MainList */,
				5E07A4672E351BA900B0EE46 /* PredictMenu */,
			);
			path = Views;
			sourceTree = "<group>";
		};
		5ED44E6D2E1D56810068BA8E /* Models */ = {
			isa = PBXGroup;
			children = (
				5E6C79E32E33BD0700DCB086 /* Menu.swift */,
			);
			path = Models;
			sourceTree = "<group>";
		};
		5ED44E6E2E1D568E0068BA8E /* ViewModels */ = {
			isa = PBXGroup;
			children = (
				5E6C79EA2E33C5B100DCB086 /* MainListViewModel.swift */,
				5E07A4632E35037200B0EE46 /* PredictMenuViewModel.swift */,
			);
			path = ViewModels;
			sourceTree = "<group>";
		};
		5EE783E12E3463E7005621FF /* Extension */ = {
			isa = PBXGroup;
			children = (
				5E07A4652E35175700B0EE46 /* Color.swift */,
				5EE783E22E3463F5005621FF /* Float.swift */,
			);
			path = Extension;
			sourceTree = "<group>";
		};
		5EE783EF2E34A71E005621FF /* Common */ = {
			isa = PBXGroup;
			children = (
				5E07A46B2E3526F000B0EE46 /* ActivityIndicator.swift */,
				5E95F6B22E34C04200439953 /* popover */,
				5EE783F42E34AA1C005621FF /* FlowLayout.swift */,
			);
			path = Common;
			sourceTree = "<group>";
		};
/* End PBXGroup section */

/* Begin PBXNativeTarget section */
		5ED44E5B2E1D54570068BA8E /* HealthMealAI */ = {
			isa = PBXNativeTarget;
			buildConfigurationList = 5ED44E672E1D54590068BA8E /* Build configuration list for PBXNativeTarget "HealthMealAI" */;
			buildPhases = (
				5ED44E582E1D54570068BA8E /* Sources */,
				5ED44E592E1D54570068BA8E /* Frameworks */,
				5ED44E5A2E1D54570068BA8E /* Resources */,
			);
			buildRules = (
			);
			dependencies = (
			);
			fileSystemSynchronizedGroups = (
				5ED44E5E2E1D54570068BA8E /* HealthMealAI */,
			);
			name = HealthMealAI;
			packageProductDependencies = (
				5EE52A332E35AE6500C013AC /* Popovers */,
				5EE52A392E361D4700C013AC /* WaterfallGrid */,
			);
			productName = HealthMealAI;
			productReference = 5ED44E5C2E1D54570068BA8E /* HealthMealAI.app */;
			productType = "com.apple.product-type.application";
		};
/* End PBXNativeTarget section */

/* Begin PBXProject section */
		5ED44E542E1D54570068BA8E /* Project object */ = {
			isa = PBXProject;
			attributes = {
				BuildIndependentTargetsInParallel = 1;
				LastSwiftUpdateCheck = 1640;
				LastUpgradeCheck = 1640;
				TargetAttributes = {
					5ED44E5B2E1D54570068BA8E = {
						CreatedOnToolsVersion = 16.4;
					};
				};
			};
			buildConfigurationList = 5ED44E572E1D54570068BA8E /* Build configuration list for PBXProject "HealthMealAI" */;
			developmentRegion = en;
			hasScannedForEncodings = 0;
			knownRegions = (
				en,
				Base,
			);
			mainGroup = 5ED44E532E1D54570068BA8E;
			minimizedProjectReferenceProxies = 1;
			packageReferences = (
				5EE52A322E35AE6500C013AC /* XCRemoteSwiftPackageReference "Popovers" */,
			);
			preferredProjectObjectVersion = 77;
			productRefGroup = 5ED44E5D2E1D54570068BA8E /* Products */;
			projectDirPath = "";
			projectRoot = "";
			targets = (
				5ED44E5B2E1D54570068BA8E /* HealthMealAI */,
			);
		};
/* End PBXProject section */

/* Begin PBXResourcesBuildPhase section */
		5ED44E5A2E1D54570068BA8E /* Resources */ = {
			isa = PBXResourcesBuildPhase;
			buildActionMask = 2147483647;
			files = (
			);
			runOnlyForDeploymentPostprocessing = 0;
		};
/* End PBXResourcesBuildPhase section */

/* Begin PBXSourcesBuildPhase section */
		5ED44E582E1D54570068BA8E /* Sources */ = {
			isa = PBXSourcesBuildPhase;
			buildActionMask = 2147483647;
			files = (
				5EE783E82E349B2B005621FF /* PredictMenuView.swift in Sources */,
				5E6C79E22E33AC0600DCB086 /* MainListView.swift in Sources */,
				5E6C79E42E33BD0B00DCB086 /* Menu.swift in Sources */,
				5EE783E32E3463F8005621FF /* Float.swift in Sources */,
				5E07A4642E35037200B0EE46 /* PredictMenuViewModel.swift in Sources */,
				5E07A4662E35175900B0EE46 /* Color.swift in Sources */,
				5E6C79EB2E33C5B100DCB086 /* MainListViewModel.swift in Sources */,
				5E95F6B72E34C05200439953 /* View+Modifiers.swift in Sources */,
				5E95F6B82E34C05200439953 /* UIView+Extension.swift in Sources */,
				5E95F6B92E34C05200439953 /* AlwaysPopoverModifier.swift in Sources */,
				5E95F6BA2E34C05200439953 /* ContentViewController.swift in Sources */,
				5E41E4C92E34D2CA0074C8A5 /* BottomSheetView.swift in Sources */,
				5EE783F52E34AA1E005621FF /* FlowLayout.swift in Sources */,
				5E07A46A2E351BCC00B0EE46 /* HistoryView.swift in Sources */,
				5E07A46C2E3526F600B0EE46 /* ActivityIndicator.swift in Sources */,
				5E6C79E72E33BE8B00DCB086 /* MenuRowView.swift in Sources */,
			);
			runOnlyForDeploymentPostprocessing = 0;
		};
/* End PBXSourcesBuildPhase section */

/* Begin XCBuildConfiguration section */
		5ED44E652E1D54590068BA8E /* Debug */ = {
			isa = XCBuildConfiguration;
			buildSettings = {
				ALWAYS_SEARCH_USER_PATHS = NO;
				ASSETCATALOG_COMPILER_GENERATE_SWIFT_ASSET_SYMBOL_EXTENSIONS = YES;
				CLANG_ANALYZER_NONNULL = YES;
				CLANG_ANALYZER_NUMBER_OBJECT_CONVERSION = YES_AGGRESSIVE;
				CLANG_CXX_LANGUAGE_STANDARD = "gnu++20";
				CLANG_ENABLE_MODULES = YES;
				CLANG_ENABLE_OBJC_ARC = YES;
				CLANG_ENABLE_OBJC_WEAK = YES;
				CLANG_WARN_BLOCK_CAPTURE_AUTORELEASING = YES;
				CLANG_WARN_BOOL_CONVERSION = YES;
				CLANG_WARN_COMMA = YES;
				CLANG_WARN_CONSTANT_CONVERSION = YES;
				CLANG_WARN_DEPRECATED_OBJC_IMPLEMENTATIONS = YES;
				CLANG_WARN_DIRECT_OBJC_ISA_USAGE = YES_ERROR;
				CLANG_WARN_DOCUMENTATION_COMMENTS = YES;
				CLANG_WARN_EMPTY_BODY = YES;
				CLANG_WARN_ENUM_CONVERSION = YES;
				CLANG_WARN_INFINITE_RECURSION = YES;
				CLANG_WARN_INT_CONVERSION = YES;
				CLANG_WARN_NON_LITERAL_NULL_CONVERSION = YES;
				CLANG_WARN_OBJC_IMPLICIT_RETAIN_SELF = YES;
				CLANG_WARN_OBJC_LITERAL_CONVERSION = YES;
				CLANG_WARN_OBJC_ROOT_CLASS = YES_ERROR;
				CLANG_WARN_QUOTED_INCLUDE_IN_FRAMEWORK_HEADER = YES;
				CLANG_WARN_RANGE_LOOP_ANALYSIS = YES;
				CLANG_WARN_STRICT_PROTOTYPES = YES;
				CLANG_WARN_SUSPICIOUS_MOVE = YES;
				CLANG_WARN_UNGUARDED_AVAILABILITY = YES_AGGRESSIVE;
				CLANG_WARN_UNREACHABLE_CODE = YES;
				CLANG_WARN__DUPLICATE_METHOD_MATCH = YES;
				COPY_PHASE_STRIP = NO;
				DEBUG_INFORMATION_FORMAT = dwarf;
				ENABLE_STRICT_OBJC_MSGSEND = YES;
				ENABLE_TESTABILITY = YES;
				ENABLE_USER_SCRIPT_SANDBOXING = YES;
				GCC_C_LANGUAGE_STANDARD = gnu17;
				GCC_DYNAMIC_NO_PIC = NO;
				GCC_NO_COMMON_BLOCKS = YES;
				GCC_OPTIMIZATION_LEVEL = 0;
				GCC_PREPROCESSOR_DEFINITIONS = (
					"DEBUG=1",
					"$(inherited)",
				);
				GCC_WARN_64_TO_32_BIT_CONVERSION = YES;
				GCC_WARN_ABOUT_RETURN_TYPE = YES_ERROR;
				GCC_WARN_UNDECLARED_SELECTOR = YES;
				GCC_WARN_UNINITIALIZED_AUTOS = YES_AGGRESSIVE;
				GCC_WARN_UNUSED_FUNCTION = YES;
				GCC_WARN_UNUSED_VARIABLE = YES;
				IPHONEOS_DEPLOYMENT_TARGET = 18.5;
				LOCALIZATION_PREFERS_STRING_CATALOGS = YES;
				MTL_ENABLE_DEBUG_INFO = INCLUDE_SOURCE;
				MTL_FAST_MATH = YES;
				ONLY_ACTIVE_ARCH = YES;
				SDKROOT = iphoneos;
				SWIFT_ACTIVE_COMPILATION_CONDITIONS = "DEBUG $(inherited)";
				SWIFT_OPTIMIZATION_LEVEL = "-Onone";
			};
			name = Debug;
		};
		5ED44E662E1D54590068BA8E /* Release */ = {
			isa = XCBuildConfiguration;
			buildSettings = {
				ALWAYS_SEARCH_USER_PATHS = NO;
				ASSETCATALOG_COMPILER_GENERATE_SWIFT_ASSET_SYMBOL_EXTENSIONS = YES;
				CLANG_ANALYZER_NONNULL = YES;
				CLANG_ANALYZER_NUMBER_OBJECT_CONVERSION = YES_AGGRESSIVE;
				CLANG_CXX_LANGUAGE_STANDARD = "gnu++20";
				CLANG_ENABLE_MODULES = YES;
				CLANG_ENABLE_OBJC_ARC = YES;
				CLANG_ENABLE_OBJC_WEAK = YES;
				CLANG_WARN_BLOCK_CAPTURE_AUTORELEASING = YES;
				CLANG_WARN_BOOL_CONVERSION = YES;
				CLANG_WARN_COMMA = YES;
				CLANG_WARN_CONSTANT_CONVERSION = YES;
				CLANG_WARN_DEPRECATED_OBJC_IMPLEMENTATIONS = YES;
				CLANG_WARN_DIRECT_OBJC_ISA_USAGE = YES_ERROR;
				CLANG_WARN_DOCUMENTATION_COMMENTS = YES;
				CLANG_WARN_EMPTY_BODY = YES;
				CLANG_WARN_ENUM_CONVERSION = YES;
				CLANG_WARN_INFINITE_RECURSION = YES;
				CLANG_WARN_INT_CONVERSION = YES;
				CLANG_WARN_NON_LITERAL_NULL_CONVERSION = YES;
				CLANG_WARN_OBJC_IMPLICIT_RETAIN_SELF = YES;
				CLANG_WARN_OBJC_LITERAL_CONVERSION = YES;
				CLANG_WARN_OBJC_ROOT_CLASS = YES_ERROR;
				CLANG_WARN_QUOTED_INCLUDE_IN_FRAMEWORK_HEADER = YES;
				CLANG_WARN_RANGE_LOOP_ANALYSIS = YES;
				CLANG_WARN_STRICT_PROTOTYPES = YES;
				CLANG_WARN_SUSPICIOUS_MOVE = YES;
				CLANG_WARN_UNGUARDED_AVAILABILITY = YES_AGGRESSIVE;
				CLANG_WARN_UNREACHABLE_CODE = YES;
				CLANG_WARN__DUPLICATE_METHOD_MATCH = YES;
				COPY_PHASE_STRIP = NO;
				DEBUG_INFORMATION_FORMAT = "dwarf-with-dsym";
				ENABLE_NS_ASSERTIONS = NO;
				ENABLE_STRICT_OBJC_MSGSEND = YES;
				ENABLE_USER_SCRIPT_SANDBOXING = YES;
				GCC_C_LANGUAGE_STANDARD = gnu17;
				GCC_NO_COMMON_BLOCKS = YES;
				GCC_WARN_64_TO_32_BIT_CONVERSION = YES;
				GCC_WARN_ABOUT_RETURN_TYPE = YES_ERROR;
				GCC_WARN_UNDECLARED_SELECTOR = YES;
				GCC_WARN_UNINITIALIZED_AUTOS = YES_AGGRESSIVE;
				GCC_WARN_UNUSED_FUNCTION = YES;
				GCC_WARN_UNUSED_VARIABLE = YES;
				IPHONEOS_DEPLOYMENT_TARGET = 18.5;
				LOCALIZATION_PREFERS_STRING_CATALOGS = YES;
				MTL_ENABLE_DEBUG_INFO = NO;
				MTL_FAST_MATH = YES;
				SDKROOT = iphoneos;
				SWIFT_COMPILATION_MODE = wholemodule;
				VALIDATE_PRODUCT = YES;
			};
			name = Release;
		};
		5ED44E682E1D54590068BA8E /* Debug */ = {
			isa = XCBuildConfiguration;
			buildSettings = {
				ASSETCATALOG_COMPILER_APPICON_NAME = AppIcon;
				ASSETCATALOG_COMPILER_GLOBAL_ACCENT_COLOR_NAME = AccentColor;
				CODE_SIGN_STYLE = Automatic;
				CURRENT_PROJECT_VERSION = 1;
				ENABLE_PREVIEWS = YES;
				GENERATE_INFOPLIST_FILE = YES;
				INFOPLIST_KEY_UIApplicationSceneManifest_Generation = YES;
				INFOPLIST_KEY_UIApplicationSupportsIndirectInputEvents = YES;
				INFOPLIST_KEY_UILaunchScreen_Generation = YES;
				INFOPLIST_KEY_UISupportedInterfaceOrientations_iPad = "UIInterfaceOrientationPortrait UIInterfaceOrientationPortraitUpsideDown UIInterfaceOrientationLandscapeLeft UIInterfaceOrientationLandscapeRight";
				INFOPLIST_KEY_UISupportedInterfaceOrientations_iPhone = "UIInterfaceOrientationPortrait UIInterfaceOrientationLandscapeLeft UIInterfaceOrientationLandscapeRight";
				IPHONEOS_DEPLOYMENT_TARGET = 15;
				LD_RUNPATH_SEARCH_PATHS = (
					"$(inherited)",
					"@executable_path/Frameworks",
				);
				MARKETING_VERSION = 1.0;
				PRODUCT_BUNDLE_IDENTIFIER = phucnd.HealthMealAI;
				PRODUCT_NAME = "$(TARGET_NAME)";
				SWIFT_EMIT_LOC_STRINGS = YES;
				SWIFT_VERSION = 5.0;
				TARGETED_DEVICE_FAMILY = "1,2";
			};
			name = Debug;
		};
		5ED44E692E1D54590068BA8E /* Release */ = {
			isa = XCBuildConfiguration;
			buildSettings = {
				ASSETCATALOG_COMPILER_APPICON_NAME = AppIcon;
				ASSETCATALOG_COMPILER_GLOBAL_ACCENT_COLOR_NAME = AccentColor;
				CODE_SIGN_STYLE = Automatic;
				CURRENT_PROJECT_VERSION = 1;
				ENABLE_PREVIEWS = YES;
				GENERATE_INFOPLIST_FILE = YES;
				INFOPLIST_KEY_UIApplicationSceneManifest_Generation = YES;
				INFOPLIST_KEY_UIApplicationSupportsIndirectInputEvents = YES;
				INFOPLIST_KEY_UILaunchScreen_Generation = YES;
				INFOPLIST_KEY_UISupportedInterfaceOrientations_iPad = "UIInterfaceOrientationPortrait UIInterfaceOrientationPortraitUpsideDown UIInterfaceOrientationLandscapeLeft UIInterfaceOrientationLandscapeRight";
				INFOPLIST_KEY_UISupportedInterfaceOrientations_iPhone = "UIInterfaceOrientationPortrait UIInterfaceOrientationLandscapeLeft UIInterfaceOrientationLandscapeRight";
				IPHONEOS_DEPLOYMENT_TARGET = 15;
				LD_RUNPATH_SEARCH_PATHS = (
					"$(inherited)",
					"@executable_path/Frameworks",
				);
				MARKETING_VERSION = 1.0;
				PRODUCT_BUNDLE_IDENTIFIER = phucnd.HealthMealAI;
				PRODUCT_NAME = "$(TARGET_NAME)";
				SWIFT_EMIT_LOC_STRINGS = YES;
				SWIFT_VERSION = 5.0;
				TARGETED_DEVICE_FAMILY = "1,2";
			};
			name = Release;
		};
/* End XCBuildConfiguration section */

/* Begin XCConfigurationList section */
		5ED44E572E1D54570068BA8E /* Build configuration list for PBXProject "HealthMealAI" */ = {
			isa = XCConfigurationList;
			buildConfigurations = (
				5ED44E652E1D54590068BA8E /* Debug */,
				5ED44E662E1D54590068BA8E /* Release */,
			);
			defaultConfigurationIsVisible = 0;
			defaultConfigurationName = Release;
		};
		5ED44E672E1D54590068BA8E /* Build configuration list for PBXNativeTarget "HealthMealAI" */ = {
			isa = XCConfigurationList;
			buildConfigurations = (
				5ED44E682E1D54590068BA8E /* Debug */,
				5ED44E692E1D54590068BA8E /* Release */,
			);
			defaultConfigurationIsVisible = 0;
			defaultConfigurationName = Release;
		};
/* End XCConfigurationList section */

/* Begin XCRemoteSwiftPackageReference section */
		5EE52A322E35AE6500C013AC /* XCRemoteSwiftPackageReference "Popovers" */ = {
			isa = XCRemoteSwiftPackageReference;
			repositoryURL = "https://github.com/aheze/Popovers";
			requirement = {
				kind = upToNextMajorVersion;
				minimumVersion = 1.3.2;
			};
		};
/* End XCRemoteSwiftPackageReference section */

/* Begin XCSwiftPackageProductDependency section */
		5EE52A332E35AE6500C013AC /* Popovers */ = {
			isa = XCSwiftPackageProductDependency;
			package = 5EE52A322E35AE6500C013AC /* XCRemoteSwiftPackageReference "Popovers" */;
			productName = Popovers;
		};
		5EE52A392E361D4700C013AC /* WaterfallGrid */ = {
			isa = XCSwiftPackageProductDependency;
			productName = WaterfallGrid;
		};
/* End XCSwiftPackageProductDependency section */
	};
	rootObject = 5ED44E542E1D54570068BA8E /* Project object */;
}
